
Microsoft Visual Studio Solution File, Format Version 12.00
# Visual Studio Version 17
VisualStudioVersion = 17.9.34622.214
MinimumVisualStudioVersion = 10.0.40219.1
Project("{FAE04EC0-301F-11D3-BF4B-00C04F79EFBC}") = "saheart-server", "saheart-server\saheart-server.csproj", "{B2D61B34-0506-45C5-AC75-64672EE646AB}"
EndProject
Global
	GlobalSection(SolutionConfigurationPlatforms) = preSolution
		Debug|Any CPU = Debug|Any CPU
		Release|Any CPU = Release|Any CPU
	EndGlobalSection
	GlobalSection(ProjectConfigurationPlatforms) = postSolution
		{B2D61B34-0506-45C5-AC75-64672EE646AB}.Debug|Any CPU.ActiveCfg = Debug|Any CPU
		{B2D61B34-0506-45C5-AC75-64672EE646AB}.Debug|Any CPU.Build.0 = Debug|Any CPU
		{B2D61B34-0506-45C5-AC75-64672EE646AB}.Release|Any CPU.ActiveCfg = Release|Any CPU
		{B2D61B34-0506-45C5-AC75-64672EE646AB}.Release|Any CPU.Build.0 = Release|Any CPU
	EndGlobalSection
	GlobalSection(SolutionProperties) = preSolution
		HideSolutionNode = FALSE
	EndGlobalSection
	GlobalSection(ExtensibilityGlobals) = postSolution
		SolutionGuid = {35AE1CD0-380C-4109-8395-BF68A2A605E6}
	EndGlobalSection
EndGlobal
